// !$*UTF8*$!
{
	archiveVersion = 1;
	classes = {
	};
	objectVersion = 46;
	objects = {

/* Begin PBXBuildFile section */
		47E3B91E1A8AB2720042C90E /* main.m in Sources */ = {isa = PBXBuildFile; fileRef = 47E3B91D1A8AB2720042C90E /* main.m */; };
		47E3B9211A8AB2720042C90E /* AppDelegate.m in Sources */ = {isa = PBXBuildFile; fileRef = 47E3B9201A8AB2720042C90E /* AppDelegate.m */; };
		47E3B9241A8AB2720042C90E /* Okta_Auth.xcdatamodeld in Sources */ = {isa = PBXBuildFile; fileRef = 47E3B9221A8AB2720042C90E /* Okta_Auth.xcdatamodeld */; };
		47E3B9261A8AB2720042C90E /* Images.xcassets in Resources */ = {isa = PBXBuildFile; fileRef = 47E3B9251A8AB2720042C90E /* Images.xcassets */; };
		47E3B9291A8AB2720042C90E /* MainMenu.xib in Resources */ = {isa = PBXBuildFile; fileRef = 47E3B9271A8AB2720042C90E /* MainMenu.xib */; };
		47E3B9351A8AB2720042C90E /* Okta_AuthTests.m in Sources */ = {isa = PBXBuildFile; fileRef = 47E3B9341A8AB2720042C90E /* Okta_AuthTests.m */; };
		47E3B9451A8AB2980042C90E /* OTPGenerator.m in Sources */ = {isa = PBXBuildFile; fileRef = 47E3B9401A8AB2980042C90E /* OTPGenerator.m */; settings = {COMPILER_FLAGS = "-fno-objc-arc"; }; };
		47E3B9461A8AB2980042C90E /* TOTPGenerator.m in Sources */ = {isa = PBXBuildFile; fileRef = 47E3B9421A8AB2980042C90E /* TOTPGenerator.m */; settings = {COMPILER_FLAGS = "-fno-objc-arc"; }; };
		47E3B9471A8AB2980042C90E /* MF_Base32Additions.m in Sources */ = {isa = PBXBuildFile; fileRef = 47E3B9441A8AB2980042C90E /* MF_Base32Additions.m */; };
		47E3B9511A8BB0CA0042C90E /* AddUserWindowController.m in Sources */ = {isa = PBXBuildFile; fileRef = 47E3B94F1A8BB0CA0042C90E /* AddUserWindowController.m */; };
		47E3B9521A8BB0CA0042C90E /* AddUserWindowController.xib in Resources */ = {isa = PBXBuildFile; fileRef = 47E3B9501A8BB0CA0042C90E /* AddUserWindowController.xib */; };
		47E3B95C1A8BC3BA0042C90E /* User.m in Sources */ = {isa = PBXBuildFile; fileRef = 47E3B95B1A8BC3BA0042C90E /* User.m */; };
		47E3B95F1A8BC5440042C90E /* BaseManagedObject.m in Sources */ = {isa = PBXBuildFile; fileRef = 47E3B95E1A8BC5440042C90E /* BaseManagedObject.m */; };
		47E3B9631A8BC6F20042C90E /* Constants.m in Sources */ = {isa = PBXBuildFile; fileRef = 47E3B9621A8BC6F20042C90E /* Constants.m */; };
		47E3B9681A8C004B0042C90E /* Bolts.framework in Frameworks */ = {isa = PBXBuildFile; fileRef = 47E3B9661A8C004B0042C90E /* Bolts.framework */; };
		47E3B9691A8C004B0042C90E /* ParseOSX.framework in Frameworks */ = {isa = PBXBuildFile; fileRef = 47E3B9671A8C004B0042C90E /* ParseOSX.framework */; };
		47E3B96B1A8C01E40042C90E /* CFNetwork.framework in Frameworks */ = {isa = PBXBuildFile; fileRef = 47E3B96A1A8C01E40042C90E /* CFNetwork.framework */; };
		47E3B96D1A8C01EB0042C90E /* CoreGraphics.framework in Frameworks */ = {isa = PBXBuildFile; fileRef = 47E3B96C1A8C01EB0042C90E /* CoreGraphics.framework */; };
		47E3B96F1A8C01F20042C90E /* CoreLocation.framework in Frameworks */ = {isa = PBXBuildFile; fileRef = 47E3B96E1A8C01F20042C90E /* CoreLocation.framework */; };
		47E3B9711A8C01F90042C90E /* QuartzCore.framework in Frameworks */ = {isa = PBXBuildFile; fileRef = 47E3B9701A8C01F90042C90E /* QuartzCore.framework */; };
		47E3B9731A8C02020042C90E /* Security.framework in Frameworks */ = {isa = PBXBuildFile; fileRef = 47E3B9721A8C02020042C90E /* Security.framework */; };
		47E3B9751A8C020B0042C90E /* SystemConfiguration.framework in Frameworks */ = {isa = PBXBuildFile; fileRef = 47E3B9741A8C020B0042C90E /* SystemConfiguration.framework */; };
		47E3B9771A8C02140042C90E /* libsqlite3.dylib in Frameworks */ = {isa = PBXBuildFile; fileRef = 47E3B9761A8C02140042C90E /* libsqlite3.dylib */; };
		47E3B9791A8C021F0042C90E /* libz.dylib in Frameworks */ = {isa = PBXBuildFile; fileRef = 47E3B9781A8C021F0042C90E /* libz.dylib */; };
		47E3B97B1A8C026B0042C90E /* Bolts.framework in CopyFiles */ = {isa = PBXBuildFile; fileRef = 47E3B9661A8C004B0042C90E /* Bolts.framework */; settings = {ATTRIBUTES = (CodeSignOnCopy, RemoveHeadersOnCopy, ); }; };
		47E3B97C1A8C02700042C90E /* ParseOSX.framework in CopyFiles */ = {isa = PBXBuildFile; fileRef = 47E3B9671A8C004B0042C90E /* ParseOSX.framework */; settings = {ATTRIBUTES = (CodeSignOnCopy, RemoveHeadersOnCopy, ); }; };
/* End PBXBuildFile section */

/* Begin PBXContainerItemProxy section */
		47E3B92F1A8AB2720042C90E /* PBXContainerItemProxy */ = {
			isa = PBXContainerItemProxy;
			containerPortal = 47E3B9101A8AB2720042C90E /* Project object */;
			proxyType = 1;
			remoteGlobalIDString = 47E3B9171A8AB2720042C90E;
			remoteInfo = "Okta Auth";
		};
/* End PBXContainerItemProxy section */

/* Begin PBXCopyFilesBuildPhase section */
		47E3B97A1A8C02560042C90E /* CopyFiles */ = {
			isa = PBXCopyFilesBuildPhase;
			buildActionMask = 2147483647;
			dstPath = "";
			dstSubfolderSpec = 10;
			files = (
				47E3B97C1A8C02700042C90E /* ParseOSX.framework in CopyFiles */,
				47E3B97B1A8C026B0042C90E /* Bolts.framework in CopyFiles */,
			);
			runOnlyForDeploymentPostprocessing = 0;
		};
/* End PBXCopyFilesBuildPhase section */

/* Begin PBXFileReference section */
		47E3B9181A8AB2720042C90E /* Okta Auth.app */ = {isa = PBXFileReference; explicitFileType = wrapper.application; includeInIndex = 0; path = "Okta Auth.app"; sourceTree = BUILT_PRODUCTS_DIR; };
		47E3B91C1A8AB2720042C90E /* Info.plist */ = {isa = PBXFileReference; lastKnownFileType = text.plist.xml; path = Info.plist; sourceTree = "<group>"; };
		47E3B91D1A8AB2720042C90E /* main.m */ = {isa = PBXFileReference; lastKnownFileType = sourcecode.c.objc; path = main.m; sourceTree = "<group>"; };
		47E3B91F1A8AB2720042C90E /* AppDelegate.h */ = {isa = PBXFileReference; lastKnownFileType = sourcecode.c.h; path = AppDelegate.h; sourceTree = "<group>"; };
		47E3B9201A8AB2720042C90E /* AppDelegate.m */ = {isa = PBXFileReference; lastKnownFileType = sourcecode.c.objc; path = AppDelegate.m; sourceTree = "<group>"; };
		47E3B9231A8AB2720042C90E /* Okta_Auth.xcdatamodel */ = {isa = PBXFileReference; lastKnownFileType = wrapper.xcdatamodel; path = Okta_Auth.xcdatamodel; sourceTree = "<group>"; };
		47E3B9251A8AB2720042C90E /* Images.xcassets */ = {isa = PBXFileReference; lastKnownFileType = folder.assetcatalog; path = Images.xcassets; sourceTree = "<group>"; };
		47E3B9281A8AB2720042C90E /* Base */ = {isa = PBXFileReference; lastKnownFileType = file.xib; name = Base; path = Base.lproj/MainMenu.xib; sourceTree = "<group>"; };
		47E3B92E1A8AB2720042C90E /* Okta AuthTests.xctest */ = {isa = PBXFileReference; explicitFileType = wrapper.cfbundle; includeInIndex = 0; path = "Okta AuthTests.xctest"; sourceTree = BUILT_PRODUCTS_DIR; };
		47E3B9331A8AB2720042C90E /* Info.plist */ = {isa = PBXFileReference; lastKnownFileType = text.plist.xml; path = Info.plist; sourceTree = "<group>"; };
		47E3B9341A8AB2720042C90E /* Okta_AuthTests.m */ = {isa = PBXFileReference; lastKnownFileType = sourcecode.c.objc; path = Okta_AuthTests.m; sourceTree = "<group>"; };
		47E3B93F1A8AB2980042C90E /* OTPGenerator.h */ = {isa = PBXFileReference; fileEncoding = 4; lastKnownFileType = sourcecode.c.h; path = OTPGenerator.h; sourceTree = "<group>"; };
		47E3B9401A8AB2980042C90E /* OTPGenerator.m */ = {isa = PBXFileReference; fileEncoding = 4; lastKnownFileType = sourcecode.c.objc; path = OTPGenerator.m; sourceTree = "<group>"; };
		47E3B9411A8AB2980042C90E /* TOTPGenerator.h */ = {isa = PBXFileReference; fileEncoding = 4; lastKnownFileType = sourcecode.c.h; path = TOTPGenerator.h; sourceTree = "<group>"; };
		47E3B9421A8AB2980042C90E /* TOTPGenerator.m */ = {isa = PBXFileReference; fileEncoding = 4; lastKnownFileType = sourcecode.c.objc; path = TOTPGenerator.m; sourceTree = "<group>"; };
		47E3B9431A8AB2980042C90E /* MF_Base32Additions.h */ = {isa = PBXFileReference; fileEncoding = 4; lastKnownFileType = sourcecode.c.h; path = MF_Base32Additions.h; sourceTree = "<group>"; };
		47E3B9441A8AB2980042C90E /* MF_Base32Additions.m */ = {isa = PBXFileReference; fileEncoding = 4; lastKnownFileType = sourcecode.c.objc; path = MF_Base32Additions.m; sourceTree = "<group>"; };
		47E3B94E1A8BB0CA0042C90E /* AddUserWindowController.h */ = {isa = PBXFileReference; fileEncoding = 4; lastKnownFileType = sourcecode.c.h; path = AddUserWindowController.h; sourceTree = "<group>"; };
		47E3B94F1A8BB0CA0042C90E /* AddUserWindowController.m */ = {isa = PBXFileReference; fileEncoding = 4; lastKnownFileType = sourcecode.c.objc; path = AddUserWindowController.m; sourceTree = "<group>"; };
		47E3B9501A8BB0CA0042C90E /* AddUserWindowController.xib */ = {isa = PBXFileReference; fileEncoding = 4; lastKnownFileType = file.xib; path = AddUserWindowController.xib; sourceTree = "<group>"; };
		47E3B95A1A8BC3BA0042C90E /* User.h */ = {isa = PBXFileReference; fileEncoding = 4; lastKnownFileType = sourcecode.c.h; path = User.h; sourceTree = "<group>"; };
		47E3B95B1A8BC3BA0042C90E /* User.m */ = {isa = PBXFileReference; fileEncoding = 4; lastKnownFileType = sourcecode.c.objc; path = User.m; sourceTree = "<group>"; };
		47E3B95D1A8BC5440042C90E /* BaseManagedObject.h */ = {isa = PBXFileReference; fileEncoding = 4; lastKnownFileType = sourcecode.c.h; path = BaseManagedObject.h; sourceTree = "<group>"; };
		47E3B95E1A8BC5440042C90E /* BaseManagedObject.m */ = {isa = PBXFileReference; fileEncoding = 4; lastKnownFileType = sourcecode.c.objc; path = BaseManagedObject.m; sourceTree = "<group>"; };
		47E3B9611A8BC6F20042C90E /* Constants.h */ = {isa = PBXFileReference; fileEncoding = 4; lastKnownFileType = sourcecode.c.h; path = Constants.h; sourceTree = "<group>"; };
		47E3B9621A8BC6F20042C90E /* Constants.m */ = {isa = PBXFileReference; fileEncoding = 4; lastKnownFileType = sourcecode.c.objc; path = Constants.m; sourceTree = "<group>"; };
		47E3B9661A8C004B0042C90E /* Bolts.framework */ = {isa = PBXFileReference; lastKnownFileType = wrapper.framework; path = Bolts.framework; sourceTree = "<group>"; };
		47E3B9671A8C004B0042C90E /* ParseOSX.framework */ = {isa = PBXFileReference; lastKnownFileType = wrapper.framework; path = ParseOSX.framework; sourceTree = "<group>"; };
		47E3B96A1A8C01E40042C90E /* CFNetwork.framework */ = {isa = PBXFileReference; lastKnownFileType = wrapper.framework; name = CFNetwork.framework; path = System/Library/Frameworks/CFNetwork.framework; sourceTree = SDKROOT; };
		47E3B96C1A8C01EB0042C90E /* CoreGraphics.framework */ = {isa = PBXFileReference; lastKnownFileType = wrapper.framework; name = CoreGraphics.framework; path = System/Library/Frameworks/CoreGraphics.framework; sourceTree = SDKROOT; };
		47E3B96E1A8C01F20042C90E /* CoreLocation.framework */ = {isa = PBXFileReference; lastKnownFileType = wrapper.framework; name = CoreLocation.framework; path = System/Library/Frameworks/CoreLocation.framework; sourceTree = SDKROOT; };
		47E3B9701A8C01F90042C90E /* QuartzCore.framework */ = {isa = PBXFileReference; lastKnownFileType = wrapper.framework; name = QuartzCore.framework; path = System/Library/Frameworks/QuartzCore.framework; sourceTree = SDKROOT; };
		47E3B9721A8C02020042C90E /* Security.framework */ = {isa = PBXFileReference; lastKnownFileType = wrapper.framework; name = Security.framework; path = System/Library/Frameworks/Security.framework; sourceTree = SDKROOT; };
		47E3B9741A8C020B0042C90E /* SystemConfiguration.framework */ = {isa = PBXFileReference; lastKnownFileType = wrapper.framework; name = SystemConfiguration.framework; path = System/Library/Frameworks/SystemConfiguration.framework; sourceTree = SDKROOT; };
		47E3B9761A8C02140042C90E /* libsqlite3.dylib */ = {isa = PBXFileReference; lastKnownFileType = "compiled.mach-o.dylib"; name = libsqlite3.dylib; path = usr/lib/libsqlite3.dylib; sourceTree = SDKROOT; };
		47E3B9781A8C021F0042C90E /* libz.dylib */ = {isa = PBXFileReference; lastKnownFileType = "compiled.mach-o.dylib"; name = libz.dylib; path = usr/lib/libz.dylib; sourceTree = SDKROOT; };
/* End PBXFileReference section */

/* Begin PBXFrameworksBuildPhase section */
		47E3B9151A8AB2720042C90E /* Frameworks */ = {
			isa = PBXFrameworksBuildPhase;
			buildActionMask = 2147483647;
			files = (
				47E3B9791A8C021F0042C90E /* libz.dylib in Frameworks */,
				47E3B9771A8C02140042C90E /* libsqlite3.dylib in Frameworks */,
				47E3B9751A8C020B0042C90E /* SystemConfiguration.framework in Frameworks */,
				47E3B9731A8C02020042C90E /* Security.framework in Frameworks */,
				47E3B9711A8C01F90042C90E /* QuartzCore.framework in Frameworks */,
				47E3B96F1A8C01F20042C90E /* CoreLocation.framework in Frameworks */,
				47E3B96D1A8C01EB0042C90E /* CoreGraphics.framework in Frameworks */,
				47E3B96B1A8C01E40042C90E /* CFNetwork.framework in Frameworks */,
				47E3B9681A8C004B0042C90E /* Bolts.framework in Frameworks */,
				47E3B9691A8C004B0042C90E /* ParseOSX.framework in Frameworks */,
			);
			runOnlyForDeploymentPostprocessing = 0;
		};
		47E3B92B1A8AB2720042C90E /* Frameworks */ = {
			isa = PBXFrameworksBuildPhase;
			buildActionMask = 2147483647;
			files = (
			);
			runOnlyForDeploymentPostprocessing = 0;
		};
/* End PBXFrameworksBuildPhase section */

/* Begin PBXGroup section */
		47E3B90F1A8AB2720042C90E = {
			isa = PBXGroup;
			children = (
				47E3B91A1A8AB2720042C90E /* Okta Auth */,
				47E3B9651A8C00340042C90E /* Frameworks */,
				47E3B9311A8AB2720042C90E /* Okta AuthTests */,
				47E3B9191A8AB2720042C90E /* Products */,
			);
			sourceTree = "<group>";
		};
		47E3B9191A8AB2720042C90E /* Products */ = {
			isa = PBXGroup;
			children = (
				47E3B9181A8AB2720042C90E /* Okta Auth.app */,
				47E3B92E1A8AB2720042C90E /* Okta AuthTests.xctest */,
			);
			name = Products;
			sourceTree = "<group>";
		};
		47E3B91A1A8AB2720042C90E /* Okta Auth */ = {
			isa = PBXGroup;
			children = (
				47E3B9641A8BCB670042C90E /* Images */,
				47E3B9601A8BC6E80042C90E /* Helpers */,
				47E3B93E1A8AB2830042C90E /* Auth Library */,
				47E3B9591A8BC3640042C90E /* Models */,
				47E3B9581A8BC35F0042C90E /* Views */,
				47E3B9481A8BB08E0042C90E /* Controllers */,
				47E3B91F1A8AB2720042C90E /* AppDelegate.h */,
				47E3B9201A8AB2720042C90E /* AppDelegate.m */,
				47E3B91B1A8AB2720042C90E /* Supporting Files */,
			);
			path = "Okta Auth";
			sourceTree = "<group>";
		};
		47E3B91B1A8AB2720042C90E /* Supporting Files */ = {
			isa = PBXGroup;
			children = (
				47E3B91C1A8AB2720042C90E /* Info.plist */,
				47E3B91D1A8AB2720042C90E /* main.m */,
			);
			name = "Supporting Files";
			sourceTree = "<group>";
		};
		47E3B9311A8AB2720042C90E /* Okta AuthTests */ = {
			isa = PBXGroup;
			children = (
				47E3B9341A8AB2720042C90E /* Okta_AuthTests.m */,
				47E3B9321A8AB2720042C90E /* Supporting Files */,
			);
			path = "Okta AuthTests";
			sourceTree = "<group>";
		};
		47E3B9321A8AB2720042C90E /* Supporting Files */ = {
			isa = PBXGroup;
			children = (
				47E3B9331A8AB2720042C90E /* Info.plist */,
			);
			name = "Supporting Files";
			sourceTree = "<group>";
		};
		47E3B93E1A8AB2830042C90E /* Auth Library */ = {
			isa = PBXGroup;
			children = (
				47E3B93F1A8AB2980042C90E /* OTPGenerator.h */,
				47E3B9401A8AB2980042C90E /* OTPGenerator.m */,
				47E3B9411A8AB2980042C90E /* TOTPGenerator.h */,
				47E3B9421A8AB2980042C90E /* TOTPGenerator.m */,
				47E3B9431A8AB2980042C90E /* MF_Base32Additions.h */,
				47E3B9441A8AB2980042C90E /* MF_Base32Additions.m */,
			);
			name = "Auth Library";
			sourceTree = "<group>";
		};
		47E3B9481A8BB08E0042C90E /* Controllers */ = {
			isa = PBXGroup;
			children = (
				47E3B94E1A8BB0CA0042C90E /* AddUserWindowController.h */,
				47E3B94F1A8BB0CA0042C90E /* AddUserWindowController.m */,
			);
			name = Controllers;
			sourceTree = "<group>";
		};
		47E3B9581A8BC35F0042C90E /* Views */ = {
			isa = PBXGroup;
			children = (
				47E3B9501A8BB0CA0042C90E /* AddUserWindowController.xib */,
				47E3B9271A8AB2720042C90E /* MainMenu.xib */,
			);
			name = Views;
			sourceTree = "<group>";
		};
		47E3B9591A8BC3640042C90E /* Models */ = {
			isa = PBXGroup;
			children = (
				47E3B9221A8AB2720042C90E /* Okta_Auth.xcdatamodeld */,
				47E3B95D1A8BC5440042C90E /* BaseManagedObject.h */,
				47E3B95E1A8BC5440042C90E /* BaseManagedObject.m */,
				47E3B95A1A8BC3BA0042C90E /* User.h */,
				47E3B95B1A8BC3BA0042C90E /* User.m */,
			);
			name = Models;
			sourceTree = "<group>";
		};
		47E3B9601A8BC6E80042C90E /* Helpers */ = {
			isa = PBXGroup;
			children = (
				47E3B9611A8BC6F20042C90E /* Constants.h */,
				47E3B9621A8BC6F20042C90E /* Constants.m */,
			);
			name = Helpers;
			sourceTree = "<group>";
		};
		47E3B9641A8BCB670042C90E /* Images */ = {
			isa = PBXGroup;
			children = (
				47E3B9251A8AB2720042C90E /* Images.xcassets */,
			);
			name = Images;
			sourceTree = "<group>";
		};
		47E3B9651A8C00340042C90E /* Frameworks */ = {
			isa = PBXGroup;
			children = (
				47E3B9781A8C021F0042C90E /* libz.dylib */,
				47E3B9761A8C02140042C90E /* libsqlite3.dylib */,
				47E3B9741A8C020B0042C90E /* SystemConfiguration.framework */,
				47E3B9721A8C02020042C90E /* Security.framework */,
				47E3B9701A8C01F90042C90E /* QuartzCore.framework */,
				47E3B96E1A8C01F20042C90E /* CoreLocation.framework */,
				47E3B96C1A8C01EB0042C90E /* CoreGraphics.framework */,
				47E3B96A1A8C01E40042C90E /* CFNetwork.framework */,
				47E3B9661A8C004B0042C90E /* Bolts.framework */,
				47E3B9671A8C004B0042C90E /* ParseOSX.framework */,
			);
			name = Frameworks;
			path = "Okta Auth";
			sourceTree = "<group>";
		};
/* End PBXGroup section */

/* Begin PBXNativeTarget section */
		47E3B9171A8AB2720042C90E /* Okta Auth */ = {
			isa = PBXNativeTarget;
			buildConfigurationList = 47E3B9381A8AB2720042C90E /* Build configuration list for PBXNativeTarget "Okta Auth" */;
			buildPhases = (
				47E3B9141A8AB2720042C90E /* Sources */,
				47E3B9151A8AB2720042C90E /* Frameworks */,
				47E3B9161A8AB2720042C90E /* Resources */,
				47E3B97A1A8C02560042C90E /* CopyFiles */,
			);
			buildRules = (
			);
			dependencies = (
			);
			name = "Okta Auth";
			productName = "Okta Auth";
			productReference = 47E3B9181A8AB2720042C90E /* Okta Auth.app */;
			productType = "com.apple.product-type.application";
		};
		47E3B92D1A8AB2720042C90E /* Okta AuthTests */ = {
			isa = PBXNativeTarget;
			buildConfigurationList = 47E3B93B1A8AB2720042C90E /* Build configuration list for PBXNativeTarget "Okta AuthTests" */;
			buildPhases = (
				47E3B92A1A8AB2720042C90E /* Sources */,
				47E3B92B1A8AB2720042C90E /* Frameworks */,
				47E3B92C1A8AB2720042C90E /* Resources */,
			);
			buildRules = (
			);
			dependencies = (
				47E3B9301A8AB2720042C90E /* PBXTargetDependency */,
			);
			name = "Okta AuthTests";
			productName = "Okta AuthTests";
			productReference = 47E3B92E1A8AB2720042C90E /* Okta AuthTests.xctest */;
			productType = "com.apple.product-type.bundle.unit-test";
		};
/* End PBXNativeTarget section */

/* Begin PBXProject section */
		47E3B9101A8AB2720042C90E /* Project object */ = {
			isa = PBXProject;
			attributes = {
				LastUpgradeCheck = 0600;
				ORGANIZATIONNAME = "Pivotal Labs";
				TargetAttributes = {
					47E3B9171A8AB2720042C90E = {
						CreatedOnToolsVersion = 6.0;
					};
					47E3B92D1A8AB2720042C90E = {
						CreatedOnToolsVersion = 6.0;
						TestTargetID = 47E3B9171A8AB2720042C90E;
					};
				};
			};
			buildConfigurationList = 47E3B9131A8AB2720042C90E /* Build configuration list for PBXProject "Okta Auth" */;
			compatibilityVersion = "Xcode 3.2";
			developmentRegion = English;
			hasScannedForEncodings = 0;
			knownRegions = (
				en,
				Base,
			);
			mainGroup = 47E3B90F1A8AB2720042C90E;
			productRefGroup = 47E3B9191A8AB2720042C90E /* Products */;
			projectDirPath = "";
			projectRoot = "";
			targets = (
				47E3B9171A8AB2720042C90E /* Okta Auth */,
				47E3B92D1A8AB2720042C90E /* Okta AuthTests */,
			);
		};
/* End PBXProject section */

/* Begin PBXResourcesBuildPhase section */
		47E3B9161A8AB2720042C90E /* Resources */ = {
			isa = PBXResourcesBuildPhase;
			buildActionMask = 2147483647;
			files = (
				47E3B9521A8BB0CA0042C90E /* AddUserWindowController.xib in Resources */,
				47E3B9261A8AB2720042C90E /* Images.xcassets in Resources */,
				47E3B9291A8AB2720042C90E /* MainMenu.xib in Resources */,
			);
			runOnlyForDeploymentPostprocessing = 0;
		};
		47E3B92C1A8AB2720042C90E /* Resources */ = {
			isa = PBXResourcesBuildPhase;
			buildActionMask = 2147483647;
			files = (
			);
			runOnlyForDeploymentPostprocessing = 0;
		};
/* End PBXResourcesBuildPhase section */

/* Begin PBXSourcesBuildPhase section */
		47E3B9141A8AB2720042C90E /* Sources */ = {
			isa = PBXSourcesBuildPhase;
			buildActionMask = 2147483647;
			files = (
				47E3B95F1A8BC5440042C90E /* BaseManagedObject.m in Sources */,
				47E3B95C1A8BC3BA0042C90E /* User.m in Sources */,
				47E3B9241A8AB2720042C90E /* Okta_Auth.xcdatamodeld in Sources */,
				47E3B9211A8AB2720042C90E /* AppDelegate.m in Sources */,
				47E3B9461A8AB2980042C90E /* TOTPGenerator.m in Sources */,
				47E3B9631A8BC6F20042C90E /* Constants.m in Sources */,
				47E3B91E1A8AB2720042C90E /* main.m in Sources */,
				47E3B9471A8AB2980042C90E /* MF_Base32Additions.m in Sources */,
				47E3B9451A8AB2980042C90E /* OTPGenerator.m in Sources */,
				47E3B9511A8BB0CA0042C90E /* AddUserWindowController.m in Sources */,
			);
			runOnlyForDeploymentPostprocessing = 0;
		};
		47E3B92A1A8AB2720042C90E /* Sources */ = {
			isa = PBXSourcesBuildPhase;
			buildActionMask = 2147483647;
			files = (
				47E3B9351A8AB2720042C90E /* Okta_AuthTests.m in Sources */,
			);
			runOnlyForDeploymentPostprocessing = 0;
		};
/* End PBXSourcesBuildPhase section */

/* Begin PBXTargetDependency section */
		47E3B9301A8AB2720042C90E /* PBXTargetDependency */ = {
			isa = PBXTargetDependency;
			target = 47E3B9171A8AB2720042C90E /* Okta Auth */;
			targetProxy = 47E3B92F1A8AB2720042C90E /* PBXContainerItemProxy */;
		};
/* End PBXTargetDependency section */

/* Begin PBXVariantGroup section */
		47E3B9271A8AB2720042C90E /* MainMenu.xib */ = {
			isa = PBXVariantGroup;
			children = (
				47E3B9281A8AB2720042C90E /* Base */,
			);
			name = MainMenu.xib;
			sourceTree = "<group>";
		};
/* End PBXVariantGroup section */

/* Begin XCBuildConfiguration section */
		47E3B9361A8AB2720042C90E /* Debug */ = {
			isa = XCBuildConfiguration;
			buildSettings = {
				ALWAYS_SEARCH_USER_PATHS = NO;
				CLANG_CXX_LANGUAGE_STANDARD = "gnu++0x";
				CLANG_CXX_LIBRARY = "libc++";
				CLANG_ENABLE_MODULES = YES;
				CLANG_ENABLE_OBJC_ARC = YES;
				CLANG_WARN_BOOL_CONVERSION = YES;
				CLANG_WARN_CONSTANT_CONVERSION = YES;
				CLANG_WARN_DIRECT_OBJC_ISA_USAGE = YES_ERROR;
				CLANG_WARN_EMPTY_BODY = YES;
				CLANG_WARN_ENUM_CONVERSION = YES;
				CLANG_WARN_INT_CONVERSION = YES;
				CLANG_WARN_OBJC_ROOT_CLASS = YES_ERROR;
				CLANG_WARN_UNREACHABLE_CODE = YES;
				CLANG_WARN__DUPLICATE_METHOD_MATCH = YES;
				CODE_SIGN_IDENTITY = "-";
				COPY_PHASE_STRIP = NO;
				ENABLE_STRICT_OBJC_MSGSEND = YES;
				GCC_C_LANGUAGE_STANDARD = gnu99;
				GCC_DYNAMIC_NO_PIC = NO;
				GCC_OPTIMIZATION_LEVEL = 0;
				GCC_PREPROCESSOR_DEFINITIONS = (
					"DEBUG=1",
					"$(inherited)",
				);
				GCC_SYMBOLS_PRIVATE_EXTERN = NO;
				GCC_WARN_64_TO_32_BIT_CONVERSION = YES;
				GCC_WARN_ABOUT_RETURN_TYPE = YES_ERROR;
				GCC_WARN_UNDECLARED_SELECTOR = YES;
				GCC_WARN_UNINITIALIZED_AUTOS = YES_AGGRESSIVE;
				GCC_WARN_UNUSED_FUNCTION = YES;
				GCC_WARN_UNUSED_VARIABLE = YES;
				MACOSX_DEPLOYMENT_TARGET = 10.10;
				MTL_ENABLE_DEBUG_INFO = YES;
				ONLY_ACTIVE_ARCH = YES;
				SDKROOT = macosx;
			};
			name = Debug;
		};
		47E3B9371A8AB2720042C90E /* Release */ = {
			isa = XCBuildConfiguration;
			buildSettings = {
				ALWAYS_SEARCH_USER_PATHS = NO;
				CLANG_CXX_LANGUAGE_STANDARD = "gnu++0x";
				CLANG_CXX_LIBRARY = "libc++";
				CLANG_ENABLE_MODULES = YES;
				CLANG_ENABLE_OBJC_ARC = YES;
				CLANG_WARN_BOOL_CONVERSION = YES;
				CLANG_WARN_CONSTANT_CONVERSION = YES;
				CLANG_WARN_DIRECT_OBJC_ISA_USAGE = YES_ERROR;
				CLANG_WARN_EMPTY_BODY = YES;
				CLANG_WARN_ENUM_CONVERSION = YES;
				CLANG_WARN_INT_CONVERSION = YES;
				CLANG_WARN_OBJC_ROOT_CLASS = YES_ERROR;
				CLANG_WARN_UNREACHABLE_CODE = YES;
				CLANG_WARN__DUPLICATE_METHOD_MATCH = YES;
				CODE_SIGN_IDENTITY = "-";
				COPY_PHASE_STRIP = YES;
				DEBUG_INFORMATION_FORMAT = "dwarf-with-dsym";
				ENABLE_NS_ASSERTIONS = NO;
				ENABLE_STRICT_OBJC_MSGSEND = YES;
				GCC_C_LANGUAGE_STANDARD = gnu99;
				GCC_WARN_64_TO_32_BIT_CONVERSION = YES;
				GCC_WARN_ABOUT_RETURN_TYPE = YES_ERROR;
				GCC_WARN_UNDECLARED_SELECTOR = YES;
				GCC_WARN_UNINITIALIZED_AUTOS = YES_AGGRESSIVE;
				GCC_WARN_UNUSED_FUNCTION = YES;
				GCC_WARN_UNUSED_VARIABLE = YES;
				MACOSX_DEPLOYMENT_TARGET = 10.10;
				MTL_ENABLE_DEBUG_INFO = NO;
				SDKROOT = macosx;
			};
			name = Release;
		};
		47E3B9391A8AB2720042C90E /* Debug */ = {
			isa = XCBuildConfiguration;
			buildSettings = {
				ASSETCATALOG_COMPILER_APPICON_NAME = AppIcon;
				COMBINE_HIDPI_IMAGES = YES;
				FRAMEWORK_SEARCH_PATHS = (
					"$(inherited)",
					"$(PROJECT_DIR)/Okta",
					Auth,
				);
				INFOPLIST_FILE = "Okta Auth/Info.plist";
				LD_RUNPATH_SEARCH_PATHS = "$(inherited) @executable_path/../Frameworks";
				MACOSX_DEPLOYMENT_TARGET = 10.9;
				PRODUCT_NAME = "$(TARGET_NAME)";
			};
			name = Debug;
		};
		47E3B93A1A8AB2720042C90E /* Release */ = {
			isa = XCBuildConfiguration;
			buildSettings = {
				ASSETCATALOG_COMPILER_APPICON_NAME = AppIcon;
				COMBINE_HIDPI_IMAGES = YES;
				FRAMEWORK_SEARCH_PATHS = (
					"$(inherited)",
					"$(PROJECT_DIR)/Okta",
					Auth,
				);
				INFOPLIST_FILE = "Okta Auth/Info.plist";
				LD_RUNPATH_SEARCH_PATHS = "$(inherited) @executable_path/../Frameworks";
				MACOSX_DEPLOYMENT_TARGET = 10.9;
				PRODUCT_NAME = "$(TARGET_NAME)";
			};
			name = Release;
		};
		47E3B93C1A8AB2720042C90E /* Debug */ = {
			isa = XCBuildConfiguration;
			buildSettings = {
				BUNDLE_LOADER = "$(TEST_HOST)";
				COMBINE_HIDPI_IMAGES = YES;
				FRAMEWORK_SEARCH_PATHS = (
					"$(DEVELOPER_FRAMEWORKS_DIR)",
					"$(inherited)",
				);
				GCC_PREPROCESSOR_DEFINITIONS = (
					"DEBUG=1",
					"$(inherited)",
				);
				INFOPLIST_FILE = "Okta AuthTests/Info.plist";
				LD_RUNPATH_SEARCH_PATHS = "$(inherited) @executable_path/../Frameworks @loader_path/../Frameworks";
				MACOSX_DEPLOYMENT_TARGET = 10.9;
				PRODUCT_NAME = "$(TARGET_NAME)";
				TEST_HOST = "$(BUILT_PRODUCTS_DIR)/Okta Auth.app/Contents/MacOS/Okta Auth";
			};
			name = Debug;
		};
		47E3B93D1A8AB2720042C90E /* Release */ = {
			isa = XCBuildConfiguration;
			buildSettings = {
				BUNDLE_LOADER = "$(TEST_HOST)";
				COMBINE_HIDPI_IMAGES = YES;
				FRAMEWORK_SEARCH_PATHS = (
					"$(DEVELOPER_FRAMEWORKS_DIR)",
					"$(inherited)",
				);
				INFOPLIST_FILE = "Okta AuthTests/Info.plist";
				LD_RUNPATH_SEARCH_PATHS = "$(inherited) @executable_path/../Frameworks @loader_path/../Frameworks";
				MACOSX_DEPLOYMENT_TARGET = 10.9;
				PRODUCT_NAME = "$(TARGET_NAME)";
				TEST_HOST = "$(BUILT_PRODUCTS_DIR)/Okta Auth.app/Contents/MacOS/Okta Auth";
			};
			name = Release;
		};
/* End XCBuildConfiguration section */

/* Begin XCConfigurationList section */
		47E3B9131A8AB2720042C90E /* Build configuration list for PBXProject "Okta Auth" */ = {
			isa = XCConfigurationList;
			buildConfigurations = (
				47E3B9361A8AB2720042C90E /* Debug */,
				47E3B9371A8AB2720042C90E /* Release */,
			);
			defaultConfigurationIsVisible = 0;
			defaultConfigurationName = Release;
		};
		47E3B9381A8AB2720042C90E /* Build configuration list for PBXNativeTarget "Okta Auth" */ = {
			isa = XCConfigurationList;
			buildConfigurations = (
				47E3B9391A8AB2720042C90E /* Debug */,
				47E3B93A1A8AB2720042C90E /* Release */,
			);
			defaultConfigurationIsVisible = 0;
		};
		47E3B93B1A8AB2720042C90E /* Build configuration list for PBXNativeTarget "Okta AuthTests" */ = {
			isa = XCConfigurationList;
			buildConfigurations = (
				47E3B93C1A8AB2720042C90E /* Debug */,
				47E3B93D1A8AB2720042C90E /* Release */,
			);
			defaultConfigurationIsVisible = 0;
		};
/* End XCConfigurationList section */

/* Begin XCVersionGroup section */
		47E3B9221A8AB2720042C90E /* Okta_Auth.xcdatamodeld */ = {
			isa = XCVersionGroup;
			children = (
				47E3B9231A8AB2720042C90E /* Okta_Auth.xcdatamodel */,
			);
			currentVersion = 47E3B9231A8AB2720042C90E /* Okta_Auth.xcdatamodel */;
			path = Okta_Auth.xcdatamodeld;
			sourceTree = "<group>";
			versionGroupType = wrapper.xcdatamodel;
		};
/* End XCVersionGroup section */
	};
	rootObject = 47E3B9101A8AB2720042C90E /* Project object */;
}
